
Microsoft Visual Studio Solution File, Format Version 12.00
# Visual Studio Version 17
VisualStudioVersion = 17.11.35312.102
MinimumVisualStudioVersion = 10.0.40219.1
Project("{FAE04EC0-301F-11D3-BF4B-00C04F79EFBC}") = "EncoreTix.Client", "EncoreTix.Client.csproj", "{396AB646-1ABF-4727-BF4D-7BF53AD383E3}"
EndProject
Project("{FAE04EC0-301F-11D3-BF4B-00C04F79EFBC}") = "EncoreTix.API", "..\EncoreTix.API\EncoreTix.API.csproj", "{1F3E36AB-A0DA-46C6-BC09-C2953E4B4118}"
EndProject
Project("{FAE04EC0-301F-11D3-BF4B-00C04F79EFBC}") = "EncoreTix.Core", "..\EncoreTix.Core\EncoreTix.Core.csproj", "{2ED493C2-2975-48F6-A885-76BE3CB47D6C}"
EndProject
Project("{FAE04EC0-301F-11D3-BF4B-00C04F79EFBC}") = "EncoreTix.Application", "..\EncoreTix.Application\EncoreTix.Application.csproj", "{69BA6817-AB9E-4FB0-A0B1-0EB7589A2373}"
EndProject
Project("{FAE04EC0-301F-11D3-BF4B-00C04F79EFBC}") = "EncoreTix.Infrastructure.Ticketmaster", "..\EncoreTix.Infrastructure.Ticketmaster\EncoreTix.Infrastructure.Ticketmaster.csproj", "{E0CFF09F-058E-4377-AC72-6AA529202B2F}"
EndProject
Global
	GlobalSection(SolutionConfigurationPlatforms) = preSolution
		Debug|Any CPU = Debug|Any CPU
		Release|Any CPU = Release|Any CPU
	EndGlobalSection
	GlobalSection(ProjectConfigurationPlatforms) = postSolution
		{396AB646-1ABF-4727-BF4D-7BF53AD383E3}.Debug|Any CPU.ActiveCfg = Debug|Any CPU
		{396AB646-1ABF-4727-BF4D-7BF53AD383E3}.Debug|Any CPU.Build.0 = Debug|Any CPU
		{396AB646-1ABF-4727-BF4D-7BF53AD383E3}.Release|Any CPU.ActiveCfg = Release|Any CPU
		{396AB646-1ABF-4727-BF4D-7BF53AD383E3}.Release|Any CPU.Build.0 = Release|Any CPU
		{1F3E36AB-A0DA-46C6-BC09-C2953E4B4118}.Debug|Any CPU.ActiveCfg = Debug|Any CPU
		{1F3E36AB-A0DA-46C6-BC09-C2953E4B4118}.Debug|Any CPU.Build.0 = Debug|Any CPU
		{1F3E36AB-A0DA-46C6-BC09-C2953E4B4118}.Release|Any CPU.ActiveCfg = Release|Any CPU
		{1F3E36AB-A0DA-46C6-BC09-C2953E4B4118}.Release|Any CPU.Build.0 = Release|Any CPU
		{2ED493C2-2975-48F6-A885-76BE3CB47D6C}.Debug|Any CPU.ActiveCfg = Debug|Any CPU
		{2ED493C2-2975-48F6-A885-76BE3CB47D6C}.Debug|Any CPU.Build.0 = Debug|Any CPU
		{2ED493C2-2975-48F6-A885-76BE3CB47D6C}.Release|Any CPU.ActiveCfg = Release|Any CPU
		{2ED493C2-2975-48F6-A885-76BE3CB47D6C}.Release|Any CPU.Build.0 = Release|Any CPU
		{69BA6817-AB9E-4FB0-A0B1-0EB7589A2373}.Debug|Any CPU.ActiveCfg = Debug|Any CPU
		{69BA6817-AB9E-4FB0-A0B1-0EB7589A2373}.Debug|Any CPU.Build.0 = Debug|Any CPU
		{69BA6817-AB9E-4FB0-A0B1-0EB7589A2373}.Release|Any CPU.ActiveCfg = Release|Any CPU
		{69BA6817-AB9E-4FB0-A0B1-0EB7589A2373}.Release|Any CPU.Build.0 = Release|Any CPU
		{E0CFF09F-058E-4377-AC72-6AA529202B2F}.Debug|Any CPU.ActiveCfg = Debug|Any CPU
		{E0CFF09F-058E-4377-AC72-6AA529202B2F}.Debug|Any CPU.Build.0 = Debug|Any CPU
		{E0CFF09F-058E-4377-AC72-6AA529202B2F}.Release|Any CPU.ActiveCfg = Release|Any CPU
		{E0CFF09F-058E-4377-AC72-6AA529202B2F}.Release|Any CPU.Build.0 = Release|Any CPU
	EndGlobalSection
	GlobalSection(SolutionProperties) = preSolution
		HideSolutionNode = FALSE
	EndGlobalSection
	GlobalSection(ExtensibilityGlobals) = postSolution
		SolutionGuid = {DA1F0C3D-4297-439C-BE6A-A9F7AB33298D}
	EndGlobalSection
EndGlobal
